
Microsoft Visual Studio Solution File, Format Version 12.00
# Visual Studio Version 17
VisualStudioVersion = 17.4.33103.184
MinimumVisualStudioVersion = 10.0.40219.1
Project("{FAE04EC0-301F-11D3-BF4B-00C04F79EFBC}") = "Pacagroup.Ecommerce.ConsoleApp.Consumer", "Pacagroup.Ecommerce.ConsoleApp.Consumer\Pacagroup.Ecommerce.ConsoleApp.Consumer.csproj", "{4B053C1C-6118-4E66-8E3B-E5478645FA3A}"
EndProject
Global
	GlobalSection(SolutionConfigurationPlatforms) = preSolution
		Debug|Any CPU = Debug|Any CPU
		Release|Any CPU = Release|Any CPU
	EndGlobalSection
	GlobalSection(ProjectConfigurationPlatforms) = postSolution
		{4B053C1C-6118-4E66-8E3B-E5478645FA3A}.Debug|Any CPU.ActiveCfg = Debug|Any CPU
		{4B053C1C-6118-4E66-8E3B-E5478645FA3A}.Debug|Any CPU.Build.0 = Debug|Any CPU
		{4B053C1C-6118-4E66-8E3B-E5478645FA3A}.Release|Any CPU.ActiveCfg = Release|Any CPU
		{4B053C1C-6118-4E66-8E3B-E5478645FA3A}.Release|Any CPU.Build.0 = Release|Any CPU
	EndGlobalSection
	GlobalSection(SolutionProperties) = preSolution
		HideSolutionNode = FALSE
	EndGlobalSection
	GlobalSection(ExtensibilityGlobals) = postSolution
		SolutionGuid = {44D2F3F0-9CB9-4018-90CC-568C1CE485C2}
	EndGlobalSection
EndGlobal
